
Microsoft Visual Studio Solution File, Format Version 12.00
# Visual Studio Version 17
VisualStudioVersion = 17.1.32328.378
MinimumVisualStudioVersion = 10.0.40219.1
Project("{FAE04EC0-301F-11D3-BF4B-00C04F79EFBC}") = "CashphotoWPF", "CashphotoWPF.csproj", "{1D2DFF00-6264-4DC6-91C3-F1A710EF1343}"
EndProject
Global
	GlobalSection(SolutionConfigurationPlatforms) = preSolution
		Debug|Any CPU = Debug|Any CPU
		Release|Any CPU = Release|Any CPU
	EndGlobalSection
	GlobalSection(ProjectConfigurationPlatforms) = postSolution
		{1D2DFF00-6264-4DC6-91C3-F1A710EF1343}.Debug|Any CPU.ActiveCfg = Debug|Any CPU
		{1D2DFF00-6264-4DC6-91C3-F1A710EF1343}.Debug|Any CPU.Build.0 = Debug|Any CPU
		{1D2DFF00-6264-4DC6-91C3-F1A710EF1343}.Release|Any CPU.ActiveCfg = Release|Any CPU
		{1D2DFF00-6264-4DC6-91C3-F1A710EF1343}.Release|Any CPU.Build.0 = Release|Any CPU
	EndGlobalSection
	GlobalSection(SolutionProperties) = preSolution
		HideSolutionNode = FALSE
	EndGlobalSection
	GlobalSection(ExtensibilityGlobals) = postSolution
		SolutionGuid = {9115F6F3-1FBD-4636-9F97-E772F6B8E3C9}
	EndGlobalSection
EndGlobal
